
Microsoft Visual Studio Solution File, Format Version 12.00
# Visual Studio Version 17
VisualStudioVersion = 17.14.36221.1
MinimumVisualStudioVersion = 10.0.40219.1
Project("{FAE04EC0-301F-11D3-BF4B-00C04F79EFBC}") = "KeyCloackService", "KeyCloackService\KeyCloackService.csproj", "{C8456451-FC6A-4585-988A-6F3CDCF5D1C6}"
EndProject
Project("{FAE04EC0-301F-11D3-BF4B-00C04F79EFBC}") = "KeyCloackRabbitMQ.DemoApplication", "KeyCloackRabbitMQ.DemoApplication\KeyCloackRabbitMQ.DemoApplication.csproj", "{0604C993-4012-4E84-BF29-E9EC92C2ACC5}"
EndProject
Global
	GlobalSection(SolutionConfigurationPlatforms) = preSolution
		Debug|Any CPU = Debug|Any CPU
		Release|Any CPU = Release|Any CPU
	EndGlobalSection
	GlobalSection(ProjectConfigurationPlatforms) = postSolution
		{C8456451-FC6A-4585-988A-6F3CDCF5D1C6}.Debug|Any CPU.ActiveCfg = Debug|Any CPU
		{C8456451-FC6A-4585-988A-6F3CDCF5D1C6}.Debug|Any CPU.Build.0 = Debug|Any CPU
		{C8456451-FC6A-4585-988A-6F3CDCF5D1C6}.Release|Any CPU.ActiveCfg = Release|Any CPU
		{C8456451-FC6A-4585-988A-6F3CDCF5D1C6}.Release|Any CPU.Build.0 = Release|Any CPU
		{0604C993-4012-4E84-BF29-E9EC92C2ACC5}.Debug|Any CPU.ActiveCfg = Debug|Any CPU
		{0604C993-4012-4E84-BF29-E9EC92C2ACC5}.Debug|Any CPU.Build.0 = Debug|Any CPU
		{0604C993-4012-4E84-BF29-E9EC92C2ACC5}.Release|Any CPU.ActiveCfg = Release|Any CPU
		{0604C993-4012-4E84-BF29-E9EC92C2ACC5}.Release|Any CPU.Build.0 = Release|Any CPU
	EndGlobalSection
	GlobalSection(SolutionProperties) = preSolution
		HideSolutionNode = FALSE
	EndGlobalSection
	GlobalSection(ExtensibilityGlobals) = postSolution
		SolutionGuid = {32C81E43-880D-4A34-B445-546BCBCBD4A9}
	EndGlobalSection
EndGlobal
